<?xml version="1.0" encoding="utf-8"?>
<Project ToolsVersion="4.0" xmlns="http://schemas.microsoft.com/developer/msbuild/2003">
  <ItemGroup>
    <Filter Include="Source Files">
      <UniqueIdentifier>{4FC737F1-C7A5-4376-A066-2A32D752A2FF}</UniqueIdentifier>
      <Extensions>cpp;c;cc;cxx;c++;cppm;ixx;def;odl;idl;hpj;bat;asm;asmx</Extensions>
    </Filter>
    <Filter Include="Header Files">
      <UniqueIdentifier>{93995380-89BD-4b04-88EB-625FBE52EBFB}</UniqueIdentifier>
      <Extensions>h;hh;hpp;hxx;h++;hm;inl;inc;ipp;xsd</Extensions>
    </Filter>
    <Filter Include="Resource Files">
      <UniqueIdentifier>{67DA6AB6-F800-4c08-8B7A-83BB121AAD01}</UniqueIdentifier>
      <Extensions>rc;ico;cur;bmp;dlg;rc2;rct;bin;rgs;gif;jpg;jpeg;jpe;resx;tiff;tif;png;wav;mfcribbon-ms</Extensions>
    </Filter>
    <Filter Include="Resource Files\icons">
      <UniqueIdentifier>{5fd9df3a-c606-453a-931a-f7ee7bc6fc09}</UniqueIdentifier>
    </Filter>
    <Filter Include="Header Files\win32">
      <UniqueIdentifier>{6bc4b173-e603-403a-941b-d42ec96fd6e6}</UniqueIdentifier>
    </Filter>
    <Filter Include="Source Files\win32">
      <UniqueIdentifier>{975f638f-1abe-415c-abe7-43c417d446d2}</UniqueIdentifier>
    </Filter>
    <Filter Include="Source Files\win32\Window">
      <UniqueIdentifier>{e918fe83-a014-4271-be80-86d8eb61e4ef}</UniqueIdentifier>
    </Filter>
    <Filter Include="Header Files\win32\Window">
      <UniqueIdentifier>{5b6d2e6c-79ed-48b5-a9c9-2fa9d417060d}</UniqueIdentifier>
    </Filter>
    <Filter Include="Source Files\win32\Console">
      <UniqueIdentifier>{443563ca-82db-44cc-b8b5-36ee325d20d9}</UniqueIdentifier>
    </Filter>
    <Filter Include="Header Files\win32\Console">
      <UniqueIdentifier>{1e8b50c9-9c9d-411e-beb7-e6dab1407e7c}</UniqueIdentifier>
    </Filter>
    <Filter Include="Header Files\win32\Error">
      <UniqueIdentifier>{08024382-653a-4080-8904-a0e7099e803e}</UniqueIdentifier>
    </Filter>
    <Filter Include="Source Files\win32\Error">
      <UniqueIdentifier>{61e571bd-3dbe-42a0-aaa4-98a79d0e8a4c}</UniqueIdentifier>
    </Filter>
  </ItemGroup>
  <ItemGroup>
    <ClCompile Include="win32\win32_platform.cpp">
      <Filter>Source Files\win32</Filter>
    </ClCompile>
    <ClCompile Include="win32\Window\Window.cpp">
      <Filter>Source Files\win32\Window</Filter>
    </ClCompile>
    <ClCompile Include="win32\Console\Console.cpp">
      <Filter>Source Files\win32\Console</Filter>
    </ClCompile>
    <ClCompile Include="win32\Error\Error.cpp">
      <Filter>Source Files\win32\Error</Filter>
    </ClCompile>
  </ItemGroup>
  <ItemGroup>
    <ClInclude Include="win32\framework.h">
      <Filter>Header Files\win32</Filter>
    </ClInclude>
    <ClInclude Include="win32\resource.h">
      <Filter>Header Files\win32</Filter>
    </ClInclude>
    <ClInclude Include="win32\targetver.h">
      <Filter>Header Files\win32</Filter>
    </ClInclude>
    <ClInclude Include="win32\debug.h">
      <Filter>Header Files\win32</Filter>
    </ClInclude>
    <ClInclude Include="win32\Window\Window.hpp">
      <Filter>Header Files\win32\Window</Filter>
    </ClInclude>
    <ClInclude Include="win32\Console\Console.hpp">
      <Filter>Header Files\win32\Console</Filter>
    </ClInclude>
    <ClInclude Include="win32\Error\Error.hpp">
      <Filter>Header Files\win32\Error</Filter>
    </ClInclude>
    <ClInclude Include="win32\Error\ErrorLevel.hpp">
      <Filter>Header Files\win32\Error</Filter>
    </ClInclude>
    <ClInclude Include="win32\Error\errormacros.hpp">
      <Filter>Header Files\win32\Error</Filter>
    </ClInclude>
  </ItemGroup>
  <ItemGroup>
    <ResourceCompile Include="res\resource_script.rc">
      <Filter>Resource Files</Filter>
    </ResourceCompile>
  </ItemGroup>
  <ItemGroup>
    <Image Include="res\icons\primary.ico">
      <Filter>Resource Files\icons</Filter>
    </Image>
    <Image Include="res\icons\small.ico">
      <Filter>Resource Files\icons</Filter>
    </Image>
  </ItemGroup>
  <ItemGroup>
    <Text Include="NOTICE.txt">
      <Filter>Source Files</Filter>
    </Text>
  </ItemGroup>
</Project>